
Microsoft Visual Studio Solution File, Format Version 12.00
# Visual Studio Version 17
VisualStudioVersion = 17.1.31911.260
MinimumVisualStudioVersion = 10.0.40219.1
Project("{FAE04EC0-301F-11D3-BF4B-00C04F79EFBC}") = "AdventOfCode.Console", "AdventOfCode.Console\AdventOfCode.Console.csproj", "{BA15C823-5619-4C86-8ABA-89271DEA15F7}"
EndProject
Project("{FAE04EC0-301F-11D3-BF4B-00C04F79EFBC}") = "AdventOfCode.Tests", "AdventOfCode.Tests\AdventOfCode.Tests.csproj", "{EA6B7DEB-1528-421A-95BC-CFD0E67FAC5B}"
EndProject
Global
	GlobalSection(SolutionConfigurationPlatforms) = preSolution
		Debug|Any CPU = Debug|Any CPU
		Release|Any CPU = Release|Any CPU
	EndGlobalSection
	GlobalSection(ProjectConfigurationPlatforms) = postSolution
		{BA15C823-5619-4C86-8ABA-89271DEA15F7}.Debug|Any CPU.ActiveCfg = Debug|Any CPU
		{BA15C823-5619-4C86-8ABA-89271DEA15F7}.Debug|Any CPU.Build.0 = Debug|Any CPU
		{BA15C823-5619-4C86-8ABA-89271DEA15F7}.Release|Any CPU.ActiveCfg = Release|Any CPU
		{BA15C823-5619-4C86-8ABA-89271DEA15F7}.Release|Any CPU.Build.0 = Release|Any CPU
		{EA6B7DEB-1528-421A-95BC-CFD0E67FAC5B}.Debug|Any CPU.ActiveCfg = Debug|Any CPU
		{EA6B7DEB-1528-421A-95BC-CFD0E67FAC5B}.Debug|Any CPU.Build.0 = Debug|Any CPU
		{EA6B7DEB-1528-421A-95BC-CFD0E67FAC5B}.Release|Any CPU.ActiveCfg = Release|Any CPU
		{EA6B7DEB-1528-421A-95BC-CFD0E67FAC5B}.Release|Any CPU.Build.0 = Release|Any CPU
	EndGlobalSection
	GlobalSection(SolutionProperties) = preSolution
		HideSolutionNode = FALSE
	EndGlobalSection
	GlobalSection(ExtensibilityGlobals) = postSolution
		SolutionGuid = {B70B8653-D124-4749-B563-CA3A4EF67C3F}
	EndGlobalSection
EndGlobal
