
Microsoft Visual Studio Solution File, Format Version 12.00
Project("{FAE04EC0-301F-11D3-BF4B-00C04F79EFBC}") = "advent-of-code-2021", "advent-of-code-2021.csproj", "{6CA208B4-5B38-444F-BAF3-B4CC37C8DE50}"
EndProject
Global
	GlobalSection(SolutionConfigurationPlatforms) = preSolution
		Debug|Any CPU = Debug|Any CPU
		Release|Any CPU = Release|Any CPU
	EndGlobalSection
	GlobalSection(ProjectConfigurationPlatforms) = postSolution
		{6CA208B4-5B38-444F-BAF3-B4CC37C8DE50}.Debug|Any CPU.ActiveCfg = Debug|Any CPU
		{6CA208B4-5B38-444F-BAF3-B4CC37C8DE50}.Debug|Any CPU.Build.0 = Debug|Any CPU
		{6CA208B4-5B38-444F-BAF3-B4CC37C8DE50}.Release|Any CPU.ActiveCfg = Release|Any CPU
		{6CA208B4-5B38-444F-BAF3-B4CC37C8DE50}.Release|Any CPU.Build.0 = Release|Any CPU
	EndGlobalSection
EndGlobal
